
Microsoft Visual Studio Solution File, Format Version 12.00
# Visual Studio Version 16
VisualStudioVersion = 16.0.32228.343
MinimumVisualStudioVersion = 10.0.40219.1
Project("{9A19103F-16F7-4668-BE54-9A1E7A4F7556}") = "VoxelEngine", "Client\VoxelEngine.csproj", "{3D96AFEA-3E54-4988-B65A-CDFB42C6DDD6}"
EndProject
Project("{9A19103F-16F7-4668-BE54-9A1E7A4F7556}") = "VoxelEngineServer", "Server\VoxelEngineServer.csproj", "{A66E1B02-8383-487C-AFE5-E6ABCF7C27FF}"
EndProject
Global
	GlobalSection(SolutionConfigurationPlatforms) = preSolution
		Debug|Any CPU = Debug|Any CPU
		Release|Any CPU = Release|Any CPU
	EndGlobalSection
	GlobalSection(ProjectConfigurationPlatforms) = postSolution
		{3D96AFEA-3E54-4988-B65A-CDFB42C6DDD6}.Debug|Any CPU.ActiveCfg = Debug|Any CPU
		{3D96AFEA-3E54-4988-B65A-CDFB42C6DDD6}.Debug|Any CPU.Build.0 = Debug|Any CPU
		{3D96AFEA-3E54-4988-B65A-CDFB42C6DDD6}.Release|Any CPU.ActiveCfg = Release|Any CPU
		{3D96AFEA-3E54-4988-B65A-CDFB42C6DDD6}.Release|Any CPU.Build.0 = Release|Any CPU
		{A66E1B02-8383-487C-AFE5-E6ABCF7C27FF}.Debug|Any CPU.ActiveCfg = Debug|Any CPU
		{A66E1B02-8383-487C-AFE5-E6ABCF7C27FF}.Debug|Any CPU.Build.0 = Debug|Any CPU
		{A66E1B02-8383-487C-AFE5-E6ABCF7C27FF}.Release|Any CPU.ActiveCfg = Release|Any CPU
		{A66E1B02-8383-487C-AFE5-E6ABCF7C27FF}.Release|Any CPU.Build.0 = Release|Any CPU
	EndGlobalSection
	GlobalSection(SolutionProperties) = preSolution
		HideSolutionNode = FALSE
	EndGlobalSection
	GlobalSection(ExtensibilityGlobals) = postSolution
		SolutionGuid = {51DF4489-AD84-4D13-AFEC-AA0639387A83}
	EndGlobalSection
EndGlobal
